// !$*UTF8*$!
{
	archiveVersion = 1;
	classes = {
	};
	objectVersion = 50;
	objects = {

/* Begin PBXBuildFile section */
		774641A423C465A400D5E61D /* AppDelegate.m in Sources */ = {isa = PBXBuildFile; fileRef = 774641A323C465A400D5E61D /* AppDelegate.m */; };
		774641A723C465A400D5E61D /* SceneDelegate.m in Sources */ = {isa = PBXBuildFile; fileRef = 774641A623C465A400D5E61D /* SceneDelegate.m */; };
		774641AA23C465A400D5E61D /* ViewController.m in Sources */ = {isa = PBXBuildFile; fileRef = 774641A923C465A400D5E61D /* ViewController.m */; };
		774641AD23C465A400D5E61D /* Main.storyboard in Resources */ = {isa = PBXBuildFile; fileRef = 774641AB23C465A400D5E61D /* Main.storyboard */; };
		774641AF23C465A500D5E61D /* Assets.xcassets in Resources */ = {isa = PBXBuildFile; fileRef = 774641AE23C465A500D5E61D /* Assets.xcassets */; };
		774641B223C465A500D5E61D /* LaunchScreen.storyboard in Resources */ = {isa = PBXBuildFile; fileRef = 774641B023C465A500D5E61D /* LaunchScreen.storyboard */; };
		774641B523C465A500D5E61D /* main.m in Sources */ = {isa = PBXBuildFile; fileRef = 774641B423C465A500D5E61D /* main.m */; };
/* End PBXBuildFile section */

/* Begin PBXFileReference section */
		7746419F23C465A400D5E61D /* foodie.app */ = {isa = PBXFileReference; explicitFileType = wrapper.application; includeInIndex = 0; path = foodie.app; sourceTree = BUILT_PRODUCTS_DIR; };
		774641A223C465A400D5E61D /* AppDelegate.h */ = {isa = PBXFileReference; lastKnownFileType = sourcecode.c.h; path = AppDelegate.h; sourceTree = "<group>"; };
		774641A323C465A400D5E61D /* AppDelegate.m */ = {isa = PBXFileReference; lastKnownFileType = sourcecode.c.objc; path = AppDelegate.m; sourceTree = "<group>"; };
		774641A523C465A400D5E61D /* SceneDelegate.h */ = {isa = PBXFileReference; lastKnownFileType = sourcecode.c.h; path = SceneDelegate.h; sourceTree = "<group>"; };
		774641A623C465A400D5E61D /* SceneDelegate.m */ = {isa = PBXFileReference; lastKnownFileType = sourcecode.c.objc; path = SceneDelegate.m; sourceTree = "<group>"; };
		774641A823C465A400D5E61D /* ViewController.h */ = {isa = PBXFileReference; lastKnownFileType = sourcecode.c.h; path = ViewController.h; sourceTree = "<group>"; };
		774641A923C465A400D5E61D /* ViewController.m */ = {isa = PBXFileReference; lastKnownFileType = sourcecode.c.objc; path = ViewController.m; sourceTree = "<group>"; };
		774641AC23C465A400D5E61D /* Base */ = {isa = PBXFileReference; lastKnownFileType = file.storyboard; name = Base; path = Base.lproj/Main.storyboard; sourceTree = "<group>"; };
		774641AE23C465A500D5E61D /* Assets.xcassets */ = {isa = PBXFileReference; lastKnownFileType = folder.assetcatalog; path = Assets.xcassets; sourceTree = "<group>"; };
		774641B123C465A500D5E61D /* Base */ = {isa = PBXFileReference; lastKnownFileType = file.storyboard; name = Base; path = Base.lproj/LaunchScreen.storyboard; sourceTree = "<group>"; };
		774641B323C465A500D5E61D /* Info.plist */ = {isa = PBXFileReference; lastKnownFileType = text.plist.xml; path = Info.plist; sourceTree = "<group>"; };
		774641B423C465A500D5E61D /* main.m */ = {isa = PBXFileReference; lastKnownFileType = sourcecode.c.objc; path = main.m; sourceTree = "<group>"; };
/* End PBXFileReference section */

/* Begin PBXFrameworksBuildPhase section */
		7746419C23C465A400D5E61D /* Frameworks */ = {
			isa = PBXFrameworksBuildPhase;
			buildActionMask = 2147483647;
			files = (
			);
			runOnlyForDeploymentPostprocessing = 0;
		};
/* End PBXFrameworksBuildPhase section */

/* Begin PBXGroup section */
		7746419623C465A400D5E61D = {
			isa = PBXGroup;
			children = (
				774641A123C465A400D5E61D /* foodie */,
				774641A023C465A400D5E61D /* Products */,
			);
			sourceTree = "<group>";
		};
		774641A023C465A400D5E61D /* Products */ = {
			isa = PBXGroup;
			children = (
				7746419F23C465A400D5E61D /* foodie.app */,
			);
			name = Products;
			sourceTree = "<group>";
		};
		774641A123C465A400D5E61D /* foodie */ = {
			isa = PBXGroup;
			children = (
				774641A223C465A400D5E61D /* AppDelegate.h */,
				774641A323C465A400D5E61D /* AppDelegate.m */,
				774641A523C465A400D5E61D /* SceneDelegate.h */,
				774641A623C465A400D5E61D /* SceneDelegate.m */,
				774641A823C465A400D5E61D /* ViewController.h */,
				774641A923C465A400D5E61D /* ViewController.m */,
				774641AB23C465A400D5E61D /* Main.storyboard */,
				774641AE23C465A500D5E61D /* Assets.xcassets */,
				774641B023C465A500D5E61D /* LaunchScreen.storyboard */,
				774641B323C465A500D5E61D /* Info.plist */,
				774641B423C465A500D5E61D /* main.m */,
			);
			path = foodie;
			sourceTree = "<group>";
		};
/* End PBXGroup section */

/* Begin PBXNativeTarget section */
		7746419E23C465A400D5E61D /* foodie */ = {
			isa = PBXNativeTarget;
			buildConfigurationList = 774641B823C465A500D5E61D /* Build configuration list for PBXNativeTarget "foodie" */;
			buildPhases = (
				7746419B23C465A400D5E61D /* Sources */,
				7746419C23C465A400D5E61D /* Frameworks */,
				7746419D23C465A400D5E61D /* Resources */,
			);
			buildRules = (
			);
			dependencies = (
			);
			name = foodie;
			productName = foodie;
			productReference = 7746419F23C465A400D5E61D /* foodie.app */;
			productType = "com.apple.product-type.application";
		};
/* End PBXNativeTarget section */

/* Begin PBXProject section */
		7746419723C465A400D5E61D /* Project object */ = {
			isa = PBXProject;
			attributes = {
				LastUpgradeCheck = 1130;
				ORGANIZATIONNAME = "Aakash Bista";
				TargetAttributes = {
					7746419E23C465A400D5E61D = {
						CreatedOnToolsVersion = 11.3;
					};
				};
			};
			buildConfigurationList = 7746419A23C465A400D5E61D /* Build configuration list for PBXProject "foodie" */;
			compatibilityVersion = "Xcode 9.3";
			developmentRegion = en;
			hasScannedForEncodings = 0;
			knownRegions = (
				en,
				Base,
			);
			mainGroup = 7746419623C465A400D5E61D;
			productRefGroup = 774641A023C465A400D5E61D /* Products */;
			projectDirPath = "";
			projectRoot = "";
			targets = (
				7746419E23C465A400D5E61D /* foodie */,
			);
		};
/* End PBXProject section */

/* Begin PBXResourcesBuildPhase section */
		7746419D23C465A400D5E61D /* Resources */ = {
			isa = PBXResourcesBuildPhase;
			buildActionMask = 2147483647;
			files = (
				774641B223C465A500D5E61D /* LaunchScreen.storyboard in Resources */,
				774641AF23C465A500D5E61D /* Assets.xcassets in Resources */,
				774641AD23C465A400D5E61D /* Main.storyboard in Resources */,
			);
			runOnlyForDeploymentPostprocessing = 0;
		};
/* End PBXResourcesBuildPhase section */

/* Begin PBXSourcesBuildPhase section */
		7746419B23C465A400D5E61D /* Sources */ = {
			isa = PBXSourcesBuildPhase;
			buildActionMask = 2147483647;
			files = (
				774641AA23C465A400D5E61D /* ViewController.m in Sources */,
				774641A423C465A400D5E61D /* AppDelegate.m in Sources */,
				774641B523C465A500D5E61D /* main.m in Sources */,
				774641A723C465A400D5E61D /* SceneDelegate.m in Sources */,
			);
			runOnlyForDeploymentPostprocessing = 0;
		};
/* End PBXSourcesBuildPhase section */

/* Begin PBXVariantGroup section */
		774641AB23C465A400D5E61D /* Main.storyboard */ = {
			isa = PBXVariantGroup;
			children = (
				774641AC23C465A400D5E61D /* Base */,
			);
			name = Main.storyboard;
			sourceTree = "<group>";
		};
		774641B023C465A500D5E61D /* LaunchScreen.storyboard */ = {
			isa = PBXVariantGroup;
			children = (
				774641B123C465A500D5E61D /* Base */,
			);
			name = LaunchScreen.storyboard;
			sourceTree = "<group>";
		};
/* End PBXVariantGroup section */

/* Begin XCBuildConfiguration section */
		774641B623C465A500D5E61D /* Debug */ = {
			isa = XCBuildConfiguration;
			buildSettings = {
				ALWAYS_SEARCH_USER_PATHS = NO;
				CLANG_ANALYZER_NONNULL = YES;
				CLANG_ANALYZER_NUMBER_OBJECT_CONVERSION = YES_AGGRESSIVE;
				CLANG_CXX_LANGUAGE_STANDARD = "gnu++14";
				CLANG_CXX_LIBRARY = "libc++";
				CLANG_ENABLE_MODULES = YES;
				CLANG_ENABLE_OBJC_ARC = YES;
				CLANG_ENABLE_OBJC_WEAK = YES;
				CLANG_WARN_BLOCK_CAPTURE_AUTORELEASING = YES;
				CLANG_WARN_BOOL_CONVERSION = YES;
				CLANG_WARN_COMMA = YES;
				CLANG_WARN_CONSTANT_CONVERSION = YES;
				CLANG_WARN_DEPRECATED_OBJC_IMPLEMENTATIONS = YES;
				CLANG_WARN_DIRECT_OBJC_ISA_USAGE = YES_ERROR;
				CLANG_WARN_DOCUMENTATION_COMMENTS = YES;
				CLANG_WARN_EMPTY_BODY = YES;
				CLANG_WARN_ENUM_CONVERSION = YES;
				CLANG_WARN_INFINITE_RECURSION = YES;
				CLANG_WARN_INT_CONVERSION = YES;
				CLANG_WARN_NON_LITERAL_NULL_CONVERSION = YES;
				CLANG_WARN_OBJC_IMPLICIT_RETAIN_SELF = YES;
				CLANG_WARN_OBJC_LITERAL_CONVERSION = YES;
				CLANG_WARN_OBJC_ROOT_CLASS = YES_ERROR;
				CLANG_WARN_RANGE_LOOP_ANALYSIS = YES;
				CLANG_WARN_STRICT_PROTOTYPES = YES;
				CLANG_WARN_SUSPICIOUS_MOVE = YES;
				CLANG_WARN_UNGUARDED_AVAILABILITY = YES_AGGRESSIVE;
				CLANG_WARN_UNREACHABLE_CODE = YES;
				CLANG_WARN__DUPLICATE_METHOD_MATCH = YES;
				COPY_PHASE_STRIP = NO;
				DEBUG_INFORMATION_FORMAT = dwarf;
				ENABLE_STRICT_OBJC_MSGSEND = YES;
				ENABLE_TESTABILITY = YES;
				GCC_C_LANGUAGE_STANDARD = gnu11;
				GCC_DYNAMIC_NO_PIC = NO;
				GCC_NO_COMMON_BLOCKS = YES;
				GCC_OPTIMIZATION_LEVEL = 0;
				GCC_PREPROCESSOR_DEFINITIONS = (
					"DEBUG=1",
					"$(inherited)",
				);
				GCC_WARN_64_TO_32_BIT_CONVERSION = YES;
				GCC_WARN_ABOUT_RETURN_TYPE = YES_ERROR;
				GCC_WARN_UNDECLARED_SELECTOR = YES;
				GCC_WARN_UNINITIALIZED_AUTOS = YES_AGGRESSIVE;
				GCC_WARN_UNUSED_FUNCTION = YES;
				GCC_WARN_UNUSED_VARIABLE = YES;
				IPHONEOS_DEPLOYMENT_TARGET = 13.2;
				MTL_ENABLE_DEBUG_INFO = INCLUDE_SOURCE;
				MTL_FAST_MATH = YES;
				ONLY_ACTIVE_ARCH = YES;
				SDKROOT = iphoneos;
			};
			name = Debug;
		};
		774641B723C465A500D5E61D /* Release */ = {
			isa = XCBuildConfiguration;
			buildSettings = {
				ALWAYS_SEARCH_USER_PATHS = NO;
				CLANG_ANALYZER_NONNULL = YES;
				CLANG_ANALYZER_NUMBER_OBJECT_CONVERSION = YES_AGGRESSIVE;
				CLANG_CXX_LANGUAGE_STANDARD = "gnu++14";
				CLANG_CXX_LIBRARY = "libc++";
				CLANG_ENABLE_MODULES = YES;
				CLANG_ENABLE_OBJC_ARC = YES;
				CLANG_ENABLE_OBJC_WEAK = YES;
				CLANG_WARN_BLOCK_CAPTURE_AUTORELEASING = YES;
				CLANG_WARN_BOOL_CONVERSION = YES;
				CLANG_WARN_COMMA = YES;
				CLANG_WARN_CONSTANT_CONVERSION = YES;
				CLANG_WARN_DEPRECATED_OBJC_IMPLEMENTATIONS = YES;
				CLANG_WARN_DIRECT_OBJC_ISA_USAGE = YES_ERROR;
				CLANG_WARN_DOCUMENTATION_COMMENTS = YES;
				CLANG_WARN_EMPTY_BODY = YES;
				CLANG_WARN_ENUM_CONVERSION = YES;
				CLANG_WARN_INFINITE_RECURSION = YES;
				CLANG_WARN_INT_CONVERSION = YES;
				CLANG_WARN_NON_LITERAL_NULL_CONVERSION = YES;
				CLANG_WARN_OBJC_IMPLICIT_RETAIN_SELF = YES;
				CLANG_WARN_OBJC_LITERAL_CONVERSION = YES;
				CLANG_WARN_OBJC_ROOT_CLASS = YES_ERROR;
				CLANG_WARN_RANGE_LOOP_ANALYSIS = YES;
				CLANG_WARN_STRICT_PROTOTYPES = YES;
				CLANG_WARN_SUSPICIOUS_MOVE = YES;
				CLANG_WARN_UNGUARDED_AVAILABILITY = YES_AGGRESSIVE;
				CLANG_WARN_UNREACHABLE_CODE = YES;
				CLANG_WARN__DUPLICATE_METHOD_MATCH = YES;
				COPY_PHASE_STRIP = NO;
				DEBUG_INFORMATION_FORMAT = "dwarf-with-dsym";
				ENABLE_NS_ASSERTIONS = NO;
				ENABLE_STRICT_OBJC_MSGSEND = YES;
				GCC_C_LANGUAGE_STANDARD = gnu11;
				GCC_NO_COMMON_BLOCKS = YES;
				GCC_WARN_64_TO_32_BIT_CONVERSION = YES;
				GCC_WARN_ABOUT_RETURN_TYPE = YES_ERROR;
				GCC_WARN_UNDECLARED_SELECTOR = YES;
				GCC_WARN_UNINITIALIZED_AUTOS = YES_AGGRESSIVE;
				GCC_WARN_UNUSED_FUNCTION = YES;
				GCC_WARN_UNUSED_VARIABLE = YES;
				IPHONEOS_DEPLOYMENT_TARGET = 13.2;
				MTL_ENABLE_DEBUG_INFO = NO;
				MTL_FAST_MATH = YES;
				SDKROOT = iphoneos;
				VALIDATE_PRODUCT = YES;
			};
			name = Release;
		};
		774641B923C465A500D5E61D /* Debug */ = {
			isa = XCBuildConfiguration;
			buildSettings = {
				ASSETCATALOG_COMPILER_APPICON_NAME = AppIcon;
				CODE_SIGN_STYLE = Automatic;
				DEVELOPMENT_TEAM = 78XJ2XQD46;
				INFOPLIST_FILE = foodie/Info.plist;
				LD_RUNPATH_SEARCH_PATHS = (
					"$(inherited)",
					"@executable_path/Frameworks",
				);
				PRODUCT_BUNDLE_IDENTIFIER = com.akashbista.au.foodie;
				PRODUCT_NAME = "$(TARGET_NAME)";
				TARGETED_DEVICE_FAMILY = "1,2";
			};
			name = Debug;
		};
		774641BA23C465A500D5E61D /* Release */ = {
			isa = XCBuildConfiguration;
			buildSettings = {
				ASSETCATALOG_COMPILER_APPICON_NAME = AppIcon;
				CODE_SIGN_STYLE = Automatic;
				DEVELOPMENT_TEAM = 78XJ2XQD46;
				INFOPLIST_FILE = foodie/Info.plist;
				LD_RUNPATH_SEARCH_PATHS = (
					"$(inherited)",
					"@executable_path/Frameworks",
				);
				PRODUCT_BUNDLE_IDENTIFIER = com.akashbista.au.foodie;
				PRODUCT_NAME = "$(TARGET_NAME)";
				TARGETED_DEVICE_FAMILY = "1,2";
			};
			name = Release;
		};
/* End XCBuildConfiguration section */

/* Begin XCConfigurationList section */
		7746419A23C465A400D5E61D /* Build configuration list for PBXProject "foodie" */ = {
			isa = XCConfigurationList;
			buildConfigurations = (
				774641B623C465A500D5E61D /* Debug */,
				774641B723C465A500D5E61D /* Release */,
			);
			defaultConfigurationIsVisible = 0;
			defaultConfigurationName = Release;
		};
		774641B823C465A500D5E61D /* Build configuration list for PBXNativeTarget "foodie" */ = {
			isa = XCConfigurationList;
			buildConfigurations = (
				774641B923C465A500D5E61D /* Debug */,
				774641BA23C465A500D5E61D /* Release */,
			);
			defaultConfigurationIsVisible = 0;
			defaultConfigurationName = Release;
		};
/* End XCConfigurationList section */
	};
	rootObject = 7746419723C465A400D5E61D /* Project object */;
}
